
Microsoft Visual Studio Solution File, Format Version 12.00
# Visual Studio Version 16
VisualStudioVersion = 16.0.29728.190
MinimumVisualStudioVersion = 10.0.40219.1
Project("{FAE04EC0-301F-11D3-BF4B-00C04F79EFBC}") = "Lecture_12", "Lecture_12\Lecture_12.csproj", "{12409185-49A4-4411-9866-47F580511101}"
EndProject
Global
	GlobalSection(SolutionConfigurationPlatforms) = preSolution
		Debug|Any CPU = Debug|Any CPU
		Release|Any CPU = Release|Any CPU
	EndGlobalSection
	GlobalSection(ProjectConfigurationPlatforms) = postSolution
		{12409185-49A4-4411-9866-47F580511101}.Debug|Any CPU.ActiveCfg = Debug|Any CPU
		{12409185-49A4-4411-9866-47F580511101}.Debug|Any CPU.Build.0 = Debug|Any CPU
		{12409185-49A4-4411-9866-47F580511101}.Release|Any CPU.ActiveCfg = Release|Any CPU
		{12409185-49A4-4411-9866-47F580511101}.Release|Any CPU.Build.0 = Release|Any CPU
	EndGlobalSection
	GlobalSection(SolutionProperties) = preSolution
		HideSolutionNode = FALSE
	EndGlobalSection
	GlobalSection(ExtensibilityGlobals) = postSolution
		SolutionGuid = {5928D0A2-34F6-45F9-91FC-54A02963D0AF}
	EndGlobalSection
EndGlobal
